
Microsoft Visual Studio Solution File, Format Version 12.00
Project("{FAE04EC0-301F-11D3-BF4B-00C04F79EFBC}") = "NASR Parser", "NASR Parser\NASR Parser.csproj", "{52DF13B6-41FA-4DAC-B99A-3F26BB599B50}"
EndProject
Global
	GlobalSection(SolutionConfigurationPlatforms) = preSolution
		Debug|Any CPU = Debug|Any CPU
		Release|Any CPU = Release|Any CPU
	EndGlobalSection
	GlobalSection(ProjectConfigurationPlatforms) = postSolution
		{52DF13B6-41FA-4DAC-B99A-3F26BB599B50}.Debug|Any CPU.ActiveCfg = Debug|Any CPU
		{52DF13B6-41FA-4DAC-B99A-3F26BB599B50}.Debug|Any CPU.Build.0 = Debug|Any CPU
		{52DF13B6-41FA-4DAC-B99A-3F26BB599B50}.Release|Any CPU.ActiveCfg = Release|Any CPU
		{52DF13B6-41FA-4DAC-B99A-3F26BB599B50}.Release|Any CPU.Build.0 = Release|Any CPU
	EndGlobalSection
EndGlobal
